// !$*UTF8*$!
{
	archiveVersion = 1;
	classes = {
	};
	objectVersion = 56;
	objects = {

/* Begin PBXBuildFile section */
		AD2495D82AABC6F700A5E43F /* DetailPageViewController.swift in Sources */ = {isa = PBXBuildFile; fileRef = AD2495D72AABC6F700A5E43F /* DetailPageViewController.swift */; };
		AD4F81B92AA7EC1E002AC37B /* ImageDownloader.swift in Sources */ = {isa = PBXBuildFile; fileRef = AD4F81B82AA7EC1E002AC37B /* ImageDownloader.swift */; };
		AD5621562AFDACC800CFC901 /* InTheatersViewController.swift in Sources */ = {isa = PBXBuildFile; fileRef = AD5621552AFDACC800CFC901 /* InTheatersViewController.swift */; };
		AD5621582AFDB00700CFC901 /* TheatersParse.swift in Sources */ = {isa = PBXBuildFile; fileRef = AD5621572AFDB00700CFC901 /* TheatersParse.swift */; };
		AD56215A2AFDB17200CFC901 /* TheaterCall.swift in Sources */ = {isa = PBXBuildFile; fileRef = AD5621592AFDB17200CFC901 /* TheaterCall.swift */; };
		AD69178A2AD6913500D20E32 /* MovieSearchVC&TransitionDelegate.swift in Sources */ = {isa = PBXBuildFile; fileRef = AD6917892AD6913500D20E32 /* MovieSearchVC&TransitionDelegate.swift */; };
		AD69178C2AD6928900D20E32 /* Animator.swift in Sources */ = {isa = PBXBuildFile; fileRef = AD69178B2AD6928900D20E32 /* Animator.swift */; };
		AD7012742A95AD3E008EABE8 /* AppDelegate.swift in Sources */ = {isa = PBXBuildFile; fileRef = AD7012732A95AD3E008EABE8 /* AppDelegate.swift */; };
		AD7012762A95AD3E008EABE8 /* SceneDelegate.swift in Sources */ = {isa = PBXBuildFile; fileRef = AD7012752A95AD3E008EABE8 /* SceneDelegate.swift */; };
		AD7012782A95AD3E008EABE8 /* ViewController.swift in Sources */ = {isa = PBXBuildFile; fileRef = AD7012772A95AD3E008EABE8 /* ViewController.swift */; };
		AD70127B2A95AD3E008EABE8 /* Main.storyboard in Resources */ = {isa = PBXBuildFile; fileRef = AD7012792A95AD3E008EABE8 /* Main.storyboard */; };
		AD70127D2A95AD3F008EABE8 /* Assets.xcassets in Resources */ = {isa = PBXBuildFile; fileRef = AD70127C2A95AD3F008EABE8 /* Assets.xcassets */; };
		AD7012802A95AD3F008EABE8 /* LaunchScreen.storyboard in Resources */ = {isa = PBXBuildFile; fileRef = AD70127E2A95AD3F008EABE8 /* LaunchScreen.storyboard */; };
		AD70128B2A95AF40008EABE8 /* MovieCall.swift in Sources */ = {isa = PBXBuildFile; fileRef = AD70128A2A95AF40008EABE8 /* MovieCall.swift */; };
		AD70128D2A95AF5F008EABE8 /* MovieParse.swift in Sources */ = {isa = PBXBuildFile; fileRef = AD70128C2A95AF5F008EABE8 /* MovieParse.swift */; };
		AD7012912A97DC3C008EABE8 /* SearchResultsTableViewCell.swift in Sources */ = {isa = PBXBuildFile; fileRef = AD7012902A97DC3C008EABE8 /* SearchResultsTableViewCell.swift */; };
		AD8F9B082ACF903F008DA46B /* MovieSearchViewController.swift in Sources */ = {isa = PBXBuildFile; fileRef = AD8F9B072ACF903F008DA46B /* MovieSearchViewController.swift */; };
		AD8F9B0A2ACF96F6008DA46B /* TVShowsCollectionViewCell.swift in Sources */ = {isa = PBXBuildFile; fileRef = AD8F9B092ACF96F6008DA46B /* TVShowsCollectionViewCell.swift */; };
		ADDCDB6A2AC50A860045BFC9 /* MoviesCollectionViewCell.swift in Sources */ = {isa = PBXBuildFile; fileRef = ADDCDB692AC50A860045BFC9 /* MoviesCollectionViewCell.swift */; };
		ADDCDB6C2AC538C30045BFC9 /* Colors.swift in Sources */ = {isa = PBXBuildFile; fileRef = ADDCDB6B2AC538C30045BFC9 /* Colors.swift */; };
		ADDCDB702AC55EDE0045BFC9 /* UIViewExtension.swift in Sources */ = {isa = PBXBuildFile; fileRef = ADDCDB6F2AC55EDE0045BFC9 /* UIViewExtension.swift */; };
		ADDCDB722AC578A20045BFC9 /* otherimgdownloaderfornow.swift in Sources */ = {isa = PBXBuildFile; fileRef = ADDCDB712AC578A20045BFC9 /* otherimgdownloaderfornow.swift */; };
		ADF47B272AD6407F00255B10 /* TvParse.swift in Sources */ = {isa = PBXBuildFile; fileRef = ADF47B262AD6407F00255B10 /* TvParse.swift */; };
		ADF47B292AD640D400255B10 /* TvCall.swift in Sources */ = {isa = PBXBuildFile; fileRef = ADF47B282AD640D400255B10 /* TvCall.swift */; };
/* End PBXBuildFile section */

/* Begin PBXFileReference section */
		AD2495D72AABC6F700A5E43F /* DetailPageViewController.swift */ = {isa = PBXFileReference; lastKnownFileType = sourcecode.swift; path = DetailPageViewController.swift; sourceTree = "<group>"; };
		AD4F81B82AA7EC1E002AC37B /* ImageDownloader.swift */ = {isa = PBXFileReference; lastKnownFileType = sourcecode.swift; path = ImageDownloader.swift; sourceTree = "<group>"; };
		AD5621552AFDACC800CFC901 /* InTheatersViewController.swift */ = {isa = PBXFileReference; lastKnownFileType = sourcecode.swift; path = InTheatersViewController.swift; sourceTree = "<group>"; };
		AD5621572AFDB00700CFC901 /* TheatersParse.swift */ = {isa = PBXFileReference; lastKnownFileType = sourcecode.swift; path = TheatersParse.swift; sourceTree = "<group>"; };
		AD5621592AFDB17200CFC901 /* TheaterCall.swift */ = {isa = PBXFileReference; lastKnownFileType = sourcecode.swift; path = TheaterCall.swift; sourceTree = "<group>"; };
		AD6917892AD6913500D20E32 /* MovieSearchVC&TransitionDelegate.swift */ = {isa = PBXFileReference; lastKnownFileType = sourcecode.swift; path = "MovieSearchVC&TransitionDelegate.swift"; sourceTree = "<group>"; };
		AD69178B2AD6928900D20E32 /* Animator.swift */ = {isa = PBXFileReference; lastKnownFileType = sourcecode.swift; path = Animator.swift; sourceTree = "<group>"; };
		AD7012702A95AD3E008EABE8 /* MovieCall.app */ = {isa = PBXFileReference; explicitFileType = wrapper.application; includeInIndex = 0; path = MovieCall.app; sourceTree = BUILT_PRODUCTS_DIR; };
		AD7012732A95AD3E008EABE8 /* AppDelegate.swift */ = {isa = PBXFileReference; lastKnownFileType = sourcecode.swift; path = AppDelegate.swift; sourceTree = "<group>"; };
		AD7012752A95AD3E008EABE8 /* SceneDelegate.swift */ = {isa = PBXFileReference; lastKnownFileType = sourcecode.swift; path = SceneDelegate.swift; sourceTree = "<group>"; };
		AD7012772A95AD3E008EABE8 /* ViewController.swift */ = {isa = PBXFileReference; lastKnownFileType = sourcecode.swift; path = ViewController.swift; sourceTree = "<group>"; };
		AD70127A2A95AD3E008EABE8 /* Base */ = {isa = PBXFileReference; lastKnownFileType = file.storyboard; name = Base; path = Base.lproj/Main.storyboard; sourceTree = "<group>"; };
		AD70127C2A95AD3F008EABE8 /* Assets.xcassets */ = {isa = PBXFileReference; lastKnownFileType = folder.assetcatalog; path = Assets.xcassets; sourceTree = "<group>"; };
		AD70127F2A95AD3F008EABE8 /* Base */ = {isa = PBXFileReference; lastKnownFileType = file.storyboard; name = Base; path = Base.lproj/LaunchScreen.storyboard; sourceTree = "<group>"; };
		AD7012812A95AD3F008EABE8 /* Info.plist */ = {isa = PBXFileReference; lastKnownFileType = text.plist.xml; path = Info.plist; sourceTree = "<group>"; };
		AD70128A2A95AF40008EABE8 /* MovieCall.swift */ = {isa = PBXFileReference; lastKnownFileType = sourcecode.swift; path = MovieCall.swift; sourceTree = "<group>"; };
		AD70128C2A95AF5F008EABE8 /* MovieParse.swift */ = {isa = PBXFileReference; lastKnownFileType = sourcecode.swift; path = MovieParse.swift; sourceTree = "<group>"; };
		AD7012902A97DC3C008EABE8 /* SearchResultsTableViewCell.swift */ = {isa = PBXFileReference; lastKnownFileType = sourcecode.swift; path = SearchResultsTableViewCell.swift; sourceTree = "<group>"; };
		AD8F9B072ACF903F008DA46B /* MovieSearchViewController.swift */ = {isa = PBXFileReference; lastKnownFileType = sourcecode.swift; path = MovieSearchViewController.swift; sourceTree = "<group>"; };
		AD8F9B092ACF96F6008DA46B /* TVShowsCollectionViewCell.swift */ = {isa = PBXFileReference; lastKnownFileType = sourcecode.swift; path = TVShowsCollectionViewCell.swift; sourceTree = "<group>"; };
		ADDCDB692AC50A860045BFC9 /* MoviesCollectionViewCell.swift */ = {isa = PBXFileReference; lastKnownFileType = sourcecode.swift; path = MoviesCollectionViewCell.swift; sourceTree = "<group>"; };
		ADDCDB6B2AC538C30045BFC9 /* Colors.swift */ = {isa = PBXFileReference; lastKnownFileType = sourcecode.swift; path = Colors.swift; sourceTree = "<group>"; };
		ADDCDB6F2AC55EDE0045BFC9 /* UIViewExtension.swift */ = {isa = PBXFileReference; lastKnownFileType = sourcecode.swift; path = UIViewExtension.swift; sourceTree = "<group>"; };
		ADDCDB712AC578A20045BFC9 /* otherimgdownloaderfornow.swift */ = {isa = PBXFileReference; lastKnownFileType = sourcecode.swift; path = otherimgdownloaderfornow.swift; sourceTree = "<group>"; };
		ADF47B262AD6407F00255B10 /* TvParse.swift */ = {isa = PBXFileReference; lastKnownFileType = sourcecode.swift; path = TvParse.swift; sourceTree = "<group>"; };
		ADF47B282AD640D400255B10 /* TvCall.swift */ = {isa = PBXFileReference; lastKnownFileType = sourcecode.swift; path = TvCall.swift; sourceTree = "<group>"; };
/* End PBXFileReference section */

/* Begin PBXFrameworksBuildPhase section */
		AD70126D2A95AD3E008EABE8 /* Frameworks */ = {
			isa = PBXFrameworksBuildPhase;
			buildActionMask = 2147483647;
			files = (
			);
			runOnlyForDeploymentPostprocessing = 0;
		};
/* End PBXFrameworksBuildPhase section */

/* Begin PBXGroup section */
		AD4F81B72AA7EC0B002AC37B /* Extensions */ = {
			isa = PBXGroup;
			children = (
				AD4F81B82AA7EC1E002AC37B /* ImageDownloader.swift */,
				ADDCDB6F2AC55EDE0045BFC9 /* UIViewExtension.swift */,
				ADDCDB712AC578A20045BFC9 /* otherimgdownloaderfornow.swift */,
			);
			path = Extensions;
			sourceTree = "<group>";
		};
		AD6917882AD690EE00D20E32 /* MovieSearchViewController */ = {
			isa = PBXGroup;
			children = (
				AD8F9B072ACF903F008DA46B /* MovieSearchViewController.swift */,
				AD6917892AD6913500D20E32 /* MovieSearchVC&TransitionDelegate.swift */,
			);
			path = MovieSearchViewController;
			sourceTree = "<group>";
		};
		AD7012672A95AD3E008EABE8 = {
			isa = PBXGroup;
			children = (
				ADDCDB6B2AC538C30045BFC9 /* Colors.swift */,
				AD7012722A95AD3E008EABE8 /* MovieCall */,
				AD7012712A95AD3E008EABE8 /* Products */,
			);
			sourceTree = "<group>";
		};
		AD7012712A95AD3E008EABE8 /* Products */ = {
			isa = PBXGroup;
			children = (
				AD7012702A95AD3E008EABE8 /* MovieCall.app */,
			);
			name = Products;
			sourceTree = "<group>";
		};
		AD7012722A95AD3E008EABE8 /* MovieCall */ = {
			isa = PBXGroup;
			children = (
				AD69178B2AD6928900D20E32 /* Animator.swift */,
				ADDCDB682AC50A590045BFC9 /* CollectionViewCell */,
				AD4F81B72AA7EC0B002AC37B /* Extensions */,
				AD70128F2A97D7AD008EABE8 /* TableViewCell */,
				AD7012872A95AF13008EABE8 /* Model */,
				AD70128E2A97D773008EABE8 /* Views */,
				AD6917882AD690EE00D20E32 /* MovieSearchViewController */,
				AD7012732A95AD3E008EABE8 /* AppDelegate.swift */,
				AD7012752A95AD3E008EABE8 /* SceneDelegate.swift */,
				AD7012792A95AD3E008EABE8 /* Main.storyboard */,
				AD70127C2A95AD3F008EABE8 /* Assets.xcassets */,
				AD70127E2A95AD3F008EABE8 /* LaunchScreen.storyboard */,
				AD7012812A95AD3F008EABE8 /* Info.plist */,
			);
			path = MovieCall;
			sourceTree = "<group>";
		};
		AD7012872A95AF13008EABE8 /* Model */ = {
			isa = PBXGroup;
			children = (
				AD70128A2A95AF40008EABE8 /* MovieCall.swift */,
				ADF47B282AD640D400255B10 /* TvCall.swift */,
				AD5621592AFDB17200CFC901 /* TheaterCall.swift */,
				AD70128C2A95AF5F008EABE8 /* MovieParse.swift */,
				ADF47B262AD6407F00255B10 /* TvParse.swift */,
				AD5621572AFDB00700CFC901 /* TheatersParse.swift */,
			);
			path = Model;
			sourceTree = "<group>";
		};
		AD70128E2A97D773008EABE8 /* Views */ = {
			isa = PBXGroup;
			children = (
				AD7012772A95AD3E008EABE8 /* ViewController.swift */,
				AD2495D72AABC6F700A5E43F /* DetailPageViewController.swift */,
				AD5621552AFDACC800CFC901 /* InTheatersViewController.swift */,
			);
			path = Views;
			sourceTree = "<group>";
		};
		AD70128F2A97D7AD008EABE8 /* TableViewCell */ = {
			isa = PBXGroup;
			children = (
				AD7012902A97DC3C008EABE8 /* SearchResultsTableViewCell.swift */,
			);
			path = TableViewCell;
			sourceTree = "<group>";
		};
		ADDCDB682AC50A590045BFC9 /* CollectionViewCell */ = {
			isa = PBXGroup;
			children = (
				ADDCDB692AC50A860045BFC9 /* MoviesCollectionViewCell.swift */,
				AD8F9B092ACF96F6008DA46B /* TVShowsCollectionViewCell.swift */,
			);
			path = CollectionViewCell;
			sourceTree = "<group>";
		};
/* End PBXGroup section */

/* Begin PBXNativeTarget section */
		AD70126F2A95AD3E008EABE8 /* MovieCall */ = {
			isa = PBXNativeTarget;
			buildConfigurationList = AD7012842A95AD3F008EABE8 /* Build configuration list for PBXNativeTarget "MovieCall" */;
			buildPhases = (
				AD70126C2A95AD3E008EABE8 /* Sources */,
				AD70126D2A95AD3E008EABE8 /* Frameworks */,
				AD70126E2A95AD3E008EABE8 /* Resources */,
			);
			buildRules = (
			);
			dependencies = (
			);
			name = MovieCall;
			productName = MovieCall;
			productReference = AD7012702A95AD3E008EABE8 /* MovieCall.app */;
			productType = "com.apple.product-type.application";
		};
/* End PBXNativeTarget section */

/* Begin PBXProject section */
		AD7012682A95AD3E008EABE8 /* Project object */ = {
			isa = PBXProject;
			attributes = {
				BuildIndependentTargetsInParallel = 1;
				LastSwiftUpdateCheck = 1430;
				LastUpgradeCheck = 1500;
				TargetAttributes = {
					AD70126F2A95AD3E008EABE8 = {
						CreatedOnToolsVersion = 14.3.1;
					};
				};
			};
			buildConfigurationList = AD70126B2A95AD3E008EABE8 /* Build configuration list for PBXProject "MovieCall" */;
			compatibilityVersion = "Xcode 14.0";
			developmentRegion = en;
			hasScannedForEncodings = 0;
			knownRegions = (
				en,
				Base,
			);
			mainGroup = AD7012672A95AD3E008EABE8;
			productRefGroup = AD7012712A95AD3E008EABE8 /* Products */;
			projectDirPath = "";
			projectRoot = "";
			targets = (
				AD70126F2A95AD3E008EABE8 /* MovieCall */,
			);
		};
/* End PBXProject section */

/* Begin PBXResourcesBuildPhase section */
		AD70126E2A95AD3E008EABE8 /* Resources */ = {
			isa = PBXResourcesBuildPhase;
			buildActionMask = 2147483647;
			files = (
				AD7012802A95AD3F008EABE8 /* LaunchScreen.storyboard in Resources */,
				AD70127D2A95AD3F008EABE8 /* Assets.xcassets in Resources */,
				AD70127B2A95AD3E008EABE8 /* Main.storyboard in Resources */,
			);
			runOnlyForDeploymentPostprocessing = 0;
		};
/* End PBXResourcesBuildPhase section */

/* Begin PBXSourcesBuildPhase section */
		AD70126C2A95AD3E008EABE8 /* Sources */ = {
			isa = PBXSourcesBuildPhase;
			buildActionMask = 2147483647;
			files = (
				ADDCDB6A2AC50A860045BFC9 /* MoviesCollectionViewCell.swift in Sources */,
				ADDCDB6C2AC538C30045BFC9 /* Colors.swift in Sources */,
				AD2495D82AABC6F700A5E43F /* DetailPageViewController.swift in Sources */,
				AD69178A2AD6913500D20E32 /* MovieSearchVC&TransitionDelegate.swift in Sources */,
				AD7012782A95AD3E008EABE8 /* ViewController.swift in Sources */,
				AD4F81B92AA7EC1E002AC37B /* ImageDownloader.swift in Sources */,
				AD69178C2AD6928900D20E32 /* Animator.swift in Sources */,
				AD56215A2AFDB17200CFC901 /* TheaterCall.swift in Sources */,
				ADDCDB702AC55EDE0045BFC9 /* UIViewExtension.swift in Sources */,
				AD8F9B082ACF903F008DA46B /* MovieSearchViewController.swift in Sources */,
				ADDCDB722AC578A20045BFC9 /* otherimgdownloaderfornow.swift in Sources */,
				AD70128D2A95AF5F008EABE8 /* MovieParse.swift in Sources */,
				AD8F9B0A2ACF96F6008DA46B /* TVShowsCollectionViewCell.swift in Sources */,
				AD7012912A97DC3C008EABE8 /* SearchResultsTableViewCell.swift in Sources */,
				AD7012742A95AD3E008EABE8 /* AppDelegate.swift in Sources */,
				ADF47B272AD6407F00255B10 /* TvParse.swift in Sources */,
				ADF47B292AD640D400255B10 /* TvCall.swift in Sources */,
				AD5621562AFDACC800CFC901 /* InTheatersViewController.swift in Sources */,
				AD5621582AFDB00700CFC901 /* TheatersParse.swift in Sources */,
				AD70128B2A95AF40008EABE8 /* MovieCall.swift in Sources */,
				AD7012762A95AD3E008EABE8 /* SceneDelegate.swift in Sources */,
			);
			runOnlyForDeploymentPostprocessing = 0;
		};
/* End PBXSourcesBuildPhase section */

/* Begin PBXVariantGroup section */
		AD7012792A95AD3E008EABE8 /* Main.storyboard */ = {
			isa = PBXVariantGroup;
			children = (
				AD70127A2A95AD3E008EABE8 /* Base */,
			);
			name = Main.storyboard;
			sourceTree = "<group>";
		};
		AD70127E2A95AD3F008EABE8 /* LaunchScreen.storyboard */ = {
			isa = PBXVariantGroup;
			children = (
				AD70127F2A95AD3F008EABE8 /* Base */,
			);
			name = LaunchScreen.storyboard;
			sourceTree = "<group>";
		};
/* End PBXVariantGroup section */

/* Begin XCBuildConfiguration section */
		AD7012822A95AD3F008EABE8 /* Debug */ = {
			isa = XCBuildConfiguration;
			buildSettings = {
				ALWAYS_SEARCH_USER_PATHS = NO;
				CLANG_ANALYZER_NONNULL = YES;
				CLANG_ANALYZER_NUMBER_OBJECT_CONVERSION = YES_AGGRESSIVE;
				CLANG_CXX_LANGUAGE_STANDARD = "gnu++20";
				CLANG_ENABLE_MODULES = YES;
				CLANG_ENABLE_OBJC_ARC = YES;
				CLANG_ENABLE_OBJC_WEAK = YES;
				CLANG_WARN_BLOCK_CAPTURE_AUTORELEASING = YES;
				CLANG_WARN_BOOL_CONVERSION = YES;
				CLANG_WARN_COMMA = YES;
				CLANG_WARN_CONSTANT_CONVERSION = YES;
				CLANG_WARN_DEPRECATED_OBJC_IMPLEMENTATIONS = YES;
				CLANG_WARN_DIRECT_OBJC_ISA_USAGE = YES_ERROR;
				CLANG_WARN_DOCUMENTATION_COMMENTS = YES;
				CLANG_WARN_EMPTY_BODY = YES;
				CLANG_WARN_ENUM_CONVERSION = YES;
				CLANG_WARN_INFINITE_RECURSION = YES;
				CLANG_WARN_INT_CONVERSION = YES;
				CLANG_WARN_NON_LITERAL_NULL_CONVERSION = YES;
				CLANG_WARN_OBJC_IMPLICIT_RETAIN_SELF = YES;
				CLANG_WARN_OBJC_LITERAL_CONVERSION = YES;
				CLANG_WARN_OBJC_ROOT_CLASS = YES_ERROR;
				CLANG_WARN_QUOTED_INCLUDE_IN_FRAMEWORK_HEADER = YES;
				CLANG_WARN_RANGE_LOOP_ANALYSIS = YES;
				CLANG_WARN_STRICT_PROTOTYPES = YES;
				CLANG_WARN_SUSPICIOUS_MOVE = YES;
				CLANG_WARN_UNGUARDED_AVAILABILITY = YES_AGGRESSIVE;
				CLANG_WARN_UNREACHABLE_CODE = YES;
				CLANG_WARN__DUPLICATE_METHOD_MATCH = YES;
				COPY_PHASE_STRIP = NO;
				DEBUG_INFORMATION_FORMAT = dwarf;
				ENABLE_STRICT_OBJC_MSGSEND = YES;
				ENABLE_TESTABILITY = YES;
				ENABLE_USER_SCRIPT_SANDBOXING = YES;
				GCC_C_LANGUAGE_STANDARD = gnu11;
				GCC_DYNAMIC_NO_PIC = NO;
				GCC_NO_COMMON_BLOCKS = YES;
				GCC_OPTIMIZATION_LEVEL = 0;
				GCC_PREPROCESSOR_DEFINITIONS = (
					"DEBUG=1",
					"$(inherited)",
				);
				GCC_WARN_64_TO_32_BIT_CONVERSION = YES;
				GCC_WARN_ABOUT_RETURN_TYPE = YES_ERROR;
				GCC_WARN_UNDECLARED_SELECTOR = YES;
				GCC_WARN_UNINITIALIZED_AUTOS = YES_AGGRESSIVE;
				GCC_WARN_UNUSED_FUNCTION = YES;
				GCC_WARN_UNUSED_VARIABLE = YES;
				IPHONEOS_DEPLOYMENT_TARGET = 16.4;
				MTL_ENABLE_DEBUG_INFO = INCLUDE_SOURCE;
				MTL_FAST_MATH = YES;
				ONLY_ACTIVE_ARCH = YES;
				SDKROOT = iphoneos;
				SWIFT_ACTIVE_COMPILATION_CONDITIONS = DEBUG;
				SWIFT_OPTIMIZATION_LEVEL = "-Onone";
			};
			name = Debug;
		};
		AD7012832A95AD3F008EABE8 /* Release */ = {
			isa = XCBuildConfiguration;
			buildSettings = {
				ALWAYS_SEARCH_USER_PATHS = NO;
				CLANG_ANALYZER_NONNULL = YES;
				CLANG_ANALYZER_NUMBER_OBJECT_CONVERSION = YES_AGGRESSIVE;
				CLANG_CXX_LANGUAGE_STANDARD = "gnu++20";
				CLANG_ENABLE_MODULES = YES;
				CLANG_ENABLE_OBJC_ARC = YES;
				CLANG_ENABLE_OBJC_WEAK = YES;
				CLANG_WARN_BLOCK_CAPTURE_AUTORELEASING = YES;
				CLANG_WARN_BOOL_CONVERSION = YES;
				CLANG_WARN_COMMA = YES;
				CLANG_WARN_CONSTANT_CONVERSION = YES;
				CLANG_WARN_DEPRECATED_OBJC_IMPLEMENTATIONS = YES;
				CLANG_WARN_DIRECT_OBJC_ISA_USAGE = YES_ERROR;
				CLANG_WARN_DOCUMENTATION_COMMENTS = YES;
				CLANG_WARN_EMPTY_BODY = YES;
				CLANG_WARN_ENUM_CONVERSION = YES;
				CLANG_WARN_INFINITE_RECURSION = YES;
				CLANG_WARN_INT_CONVERSION = YES;
				CLANG_WARN_NON_LITERAL_NULL_CONVERSION = YES;
				CLANG_WARN_OBJC_IMPLICIT_RETAIN_SELF = YES;
				CLANG_WARN_OBJC_LITERAL_CONVERSION = YES;
				CLANG_WARN_OBJC_ROOT_CLASS = YES_ERROR;
				CLANG_WARN_QUOTED_INCLUDE_IN_FRAMEWORK_HEADER = YES;
				CLANG_WARN_RANGE_LOOP_ANALYSIS = YES;
				CLANG_WARN_STRICT_PROTOTYPES = YES;
				CLANG_WARN_SUSPICIOUS_MOVE = YES;
				CLANG_WARN_UNGUARDED_AVAILABILITY = YES_AGGRESSIVE;
				CLANG_WARN_UNREACHABLE_CODE = YES;
				CLANG_WARN__DUPLICATE_METHOD_MATCH = YES;
				COPY_PHASE_STRIP = NO;
				DEBUG_INFORMATION_FORMAT = "dwarf-with-dsym";
				ENABLE_NS_ASSERTIONS = NO;
				ENABLE_STRICT_OBJC_MSGSEND = YES;
				ENABLE_USER_SCRIPT_SANDBOXING = YES;
				GCC_C_LANGUAGE_STANDARD = gnu11;
				GCC_NO_COMMON_BLOCKS = YES;
				GCC_WARN_64_TO_32_BIT_CONVERSION = YES;
				GCC_WARN_ABOUT_RETURN_TYPE = YES_ERROR;
				GCC_WARN_UNDECLARED_SELECTOR = YES;
				GCC_WARN_UNINITIALIZED_AUTOS = YES_AGGRESSIVE;
				GCC_WARN_UNUSED_FUNCTION = YES;
				GCC_WARN_UNUSED_VARIABLE = YES;
				IPHONEOS_DEPLOYMENT_TARGET = 16.4;
				MTL_ENABLE_DEBUG_INFO = NO;
				MTL_FAST_MATH = YES;
				SDKROOT = iphoneos;
				SWIFT_COMPILATION_MODE = wholemodule;
				SWIFT_OPTIMIZATION_LEVEL = "-O";
				VALIDATE_PRODUCT = YES;
			};
			name = Release;
		};
		AD7012852A95AD3F008EABE8 /* Debug */ = {
			isa = XCBuildConfiguration;
			buildSettings = {
				ASSETCATALOG_COMPILER_APPICON_NAME = AppIcon;
				ASSETCATALOG_COMPILER_GLOBAL_ACCENT_COLOR_NAME = AccentColor;
				CODE_SIGN_STYLE = Automatic;
				CURRENT_PROJECT_VERSION = 1;
				DEVELOPMENT_TEAM = LJ53KDG539;
				GENERATE_INFOPLIST_FILE = YES;
				INFOPLIST_FILE = MovieCall/Info.plist;
				INFOPLIST_KEY_UIApplicationSupportsIndirectInputEvents = YES;
				INFOPLIST_KEY_UILaunchStoryboardName = LaunchScreen;
				INFOPLIST_KEY_UIMainStoryboardFile = Main;
				INFOPLIST_KEY_UISupportedInterfaceOrientations_iPad = "UIInterfaceOrientationPortrait UIInterfaceOrientationPortraitUpsideDown UIInterfaceOrientationLandscapeLeft UIInterfaceOrientationLandscapeRight";
				INFOPLIST_KEY_UISupportedInterfaceOrientations_iPhone = "UIInterfaceOrientationPortrait UIInterfaceOrientationLandscapeLeft UIInterfaceOrientationLandscapeRight";
				LD_RUNPATH_SEARCH_PATHS = (
					"$(inherited)",
					"@executable_path/Frameworks",
				);
				MARKETING_VERSION = 1.0;
				PRODUCT_BUNDLE_IDENTIFIER = "-18.MovieCall";
				PRODUCT_NAME = "$(TARGET_NAME)";
				SWIFT_EMIT_LOC_STRINGS = YES;
				SWIFT_VERSION = 5.0;
				TARGETED_DEVICE_FAMILY = "1,2";
			};
			name = Debug;
		};
		AD7012862A95AD3F008EABE8 /* Release */ = {
			isa = XCBuildConfiguration;
			buildSettings = {
				ASSETCATALOG_COMPILER_APPICON_NAME = AppIcon;
				ASSETCATALOG_COMPILER_GLOBAL_ACCENT_COLOR_NAME = AccentColor;
				CODE_SIGN_STYLE = Automatic;
				CURRENT_PROJECT_VERSION = 1;
				DEVELOPMENT_TEAM = LJ53KDG539;
				GENERATE_INFOPLIST_FILE = YES;
				INFOPLIST_FILE = MovieCall/Info.plist;
				INFOPLIST_KEY_UIApplicationSupportsIndirectInputEvents = YES;
				INFOPLIST_KEY_UILaunchStoryboardName = LaunchScreen;
				INFOPLIST_KEY_UIMainStoryboardFile = Main;
				INFOPLIST_KEY_UISupportedInterfaceOrientations_iPad = "UIInterfaceOrientationPortrait UIInterfaceOrientationPortraitUpsideDown UIInterfaceOrientationLandscapeLeft UIInterfaceOrientationLandscapeRight";
				INFOPLIST_KEY_UISupportedInterfaceOrientations_iPhone = "UIInterfaceOrientationPortrait UIInterfaceOrientationLandscapeLeft UIInterfaceOrientationLandscapeRight";
				LD_RUNPATH_SEARCH_PATHS = (
					"$(inherited)",
					"@executable_path/Frameworks",
				);
				MARKETING_VERSION = 1.0;
				PRODUCT_BUNDLE_IDENTIFIER = "-18.MovieCall";
				PRODUCT_NAME = "$(TARGET_NAME)";
				SWIFT_EMIT_LOC_STRINGS = YES;
				SWIFT_VERSION = 5.0;
				TARGETED_DEVICE_FAMILY = "1,2";
			};
			name = Release;
		};
/* End XCBuildConfiguration section */

/* Begin XCConfigurationList section */
		AD70126B2A95AD3E008EABE8 /* Build configuration list for PBXProject "MovieCall" */ = {
			isa = XCConfigurationList;
			buildConfigurations = (
				AD7012822A95AD3F008EABE8 /* Debug */,
				AD7012832A95AD3F008EABE8 /* Release */,
			);
			defaultConfigurationIsVisible = 0;
			defaultConfigurationName = Release;
		};
		AD7012842A95AD3F008EABE8 /* Build configuration list for PBXNativeTarget "MovieCall" */ = {
			isa = XCConfigurationList;
			buildConfigurations = (
				AD7012852A95AD3F008EABE8 /* Debug */,
				AD7012862A95AD3F008EABE8 /* Release */,
			);
			defaultConfigurationIsVisible = 0;
			defaultConfigurationName = Release;
		};
/* End XCConfigurationList section */
	};
	rootObject = AD7012682A95AD3E008EABE8 /* Project object */;
}
